schema = 2

[[module]]
name = "application"
version = "1.0.0"
language = "0.3"
source = "root"
dependencies = ["catalog@1.0.0", "foundation@1.0.0"]

[[module]]
name = "catalog"
version = "1.0.0"
language = "0.3"
source = "path"
dependencies = ["foundation@1.0.0"]

[[module]]
name = "foundation"
version = "1.0.0"
language = "0.3"
source = "path"
